
Microsoft Visual Studio Solution File, Format Version 12.00
# Visual Studio Version 16
VisualStudioVersion = 16.0.28803.452
MinimumVisualStudioVersion = 10.0.40219.1
Project("{FAE04EC0-301F-11D3-BF4B-00C04F79EFBC}") = "DAOCSharp.View", "DAOCSharp.View\DAOCSharp.View.csproj", "{46E1EC3C-C330-4140-955A-E5A2D5596EB5}"
EndProject
Project("{FAE04EC0-301F-11D3-BF4B-00C04F79EFBC}") = "WebApplication1", "WebApplication1\WebApplication1.csproj", "{FAEA5ECA-7B3E-4F72-ACC1-D73BFC97BB79}"
EndProject
Global
	GlobalSection(SolutionConfigurationPlatforms) = preSolution
		Debug|Any CPU = Debug|Any CPU
		Release|Any CPU = Release|Any CPU
	EndGlobalSection
	GlobalSection(ProjectConfigurationPlatforms) = postSolution
		{46E1EC3C-C330-4140-955A-E5A2D5596EB5}.Debug|Any CPU.ActiveCfg = Debug|Any CPU
		{46E1EC3C-C330-4140-955A-E5A2D5596EB5}.Debug|Any CPU.Build.0 = Debug|Any CPU
		{46E1EC3C-C330-4140-955A-E5A2D5596EB5}.Release|Any CPU.ActiveCfg = Release|Any CPU
		{46E1EC3C-C330-4140-955A-E5A2D5596EB5}.Release|Any CPU.Build.0 = Release|Any CPU
		{FAEA5ECA-7B3E-4F72-ACC1-D73BFC97BB79}.Debug|Any CPU.ActiveCfg = Debug|Any CPU
		{FAEA5ECA-7B3E-4F72-ACC1-D73BFC97BB79}.Debug|Any CPU.Build.0 = Debug|Any CPU
		{FAEA5ECA-7B3E-4F72-ACC1-D73BFC97BB79}.Release|Any CPU.ActiveCfg = Release|Any CPU
		{FAEA5ECA-7B3E-4F72-ACC1-D73BFC97BB79}.Release|Any CPU.Build.0 = Release|Any CPU
	EndGlobalSection
	GlobalSection(SolutionProperties) = preSolution
		HideSolutionNode = FALSE
	EndGlobalSection
	GlobalSection(ExtensibilityGlobals) = postSolution
		SolutionGuid = {DC623673-E416-4B19-8DFC-1A2692CAB284}
	EndGlobalSection
EndGlobal
